<Solution>
  <Configurations>
    <Platform Name="Any CPU" />
    <Platform Name="x64" />
    <Platform Name="x86" />
  </Configurations>
  <Folder Name="/src/">
    <Project Path="src/Acme.Client/Acme.Client.csproj" />
  </Folder>
  <Folder Name="/tests/">
    <Project Path="tests/Acme.Client.Tests/Acme.Client.Tests.csproj" />
  </Folder>
  <Folder Name="/samples/">
    <Project Path="samples/Acme.Console/Acme.Console.csproj" />
  </Folder>
</Solution>
